
Microsoft Visual Studio Solution File, Format Version 12.00
# Visual Studio Version 17
VisualStudioVersion = 17.14.36930.0 d17.14
MinimumVisualStudioVersion = 10.0.40219.1
Project("{FAE04EC0-301F-11D3-BF4B-00C04F79EFBC}") = "RegularExpressions-02-Password", "RegularExpressions-02-Password\RegularExpressions-02-Password.csproj", "{509C8159-D6FA-4701-8D4A-D14EB05FCA5A}"
EndProject
Global
	GlobalSection(SolutionConfigurationPlatforms) = preSolution
		Debug|Any CPU = Debug|Any CPU
		Release|Any CPU = Release|Any CPU
	EndGlobalSection
	GlobalSection(ProjectConfigurationPlatforms) = postSolution
		{509C8159-D6FA-4701-8D4A-D14EB05FCA5A}.Debug|Any CPU.ActiveCfg = Debug|Any CPU
		{509C8159-D6FA-4701-8D4A-D14EB05FCA5A}.Debug|Any CPU.Build.0 = Debug|Any CPU
		{509C8159-D6FA-4701-8D4A-D14EB05FCA5A}.Release|Any CPU.ActiveCfg = Release|Any CPU
		{509C8159-D6FA-4701-8D4A-D14EB05FCA5A}.Release|Any CPU.Build.0 = Release|Any CPU
	EndGlobalSection
	GlobalSection(SolutionProperties) = preSolution
		HideSolutionNode = FALSE
	EndGlobalSection
	GlobalSection(ExtensibilityGlobals) = postSolution
		SolutionGuid = {8484AE32-C76A-45BB-BF31-8EBB2BAEBE9E}
	EndGlobalSection
EndGlobal
