
Microsoft Visual Studio Solution File, Format Version 12.00
# Visual Studio Version 17
VisualStudioVersion = 17.14.36930.0 d17.14
MinimumVisualStudioVersion = 10.0.40219.1
Project("{FAE04EC0-301F-11D3-BF4B-00C04F79EFBC}") = "RegularExpressions", "RegularExpressions\RegularExpressions.csproj", "{7BA2F5AF-8DBF-4B67-8363-5FC3D2FE29CA}"
EndProject
Global
	GlobalSection(SolutionConfigurationPlatforms) = preSolution
		Debug|Any CPU = Debug|Any CPU
		Release|Any CPU = Release|Any CPU
	EndGlobalSection
	GlobalSection(ProjectConfigurationPlatforms) = postSolution
		{7BA2F5AF-8DBF-4B67-8363-5FC3D2FE29CA}.Debug|Any CPU.ActiveCfg = Debug|Any CPU
		{7BA2F5AF-8DBF-4B67-8363-5FC3D2FE29CA}.Debug|Any CPU.Build.0 = Debug|Any CPU
		{7BA2F5AF-8DBF-4B67-8363-5FC3D2FE29CA}.Release|Any CPU.ActiveCfg = Release|Any CPU
		{7BA2F5AF-8DBF-4B67-8363-5FC3D2FE29CA}.Release|Any CPU.Build.0 = Release|Any CPU
	EndGlobalSection
	GlobalSection(SolutionProperties) = preSolution
		HideSolutionNode = FALSE
	EndGlobalSection
	GlobalSection(ExtensibilityGlobals) = postSolution
		SolutionGuid = {BCD23A96-7580-4CC6-B5BE-72912E14046F}
	EndGlobalSection
EndGlobal
